{
    "hash": "b652f8d5aea925bfadd2b3c2cb8d5804",
    "packages": [
        {
            "package": "andylockran/createsend-php",
            "version": "dev-master",
            "source-reference": "e6693c5fa305cee061ccf88fb9f3e61cff68bb4b",
            "commit-date": "1346165890"
        },
        {
            "package": "mheap/silex-memcache",
            "version": "dev-master",
            "source-reference": "30d10e59df04520c09e79694b039d99f984ff334",
            "commit-date": "1347134821"
        },
        {
            "package": "monolog/monolog",
            "version": "1.2.1"
        },
        {
            "package": "pimple/pimple",
            "version": "dev-master",
            "alias-pretty-version": "1.0.x-dev",
            "alias-version": "1.0.9999999.9999999-dev"
        },
        {
            "package": "pimple/pimple",
            "version": "dev-master",
            "source-reference": "b9f27b8dc18c08f00627dec02359b46a24791dc3",
            "commit-date": "1347278988"
        },
        {
            "package": "sendgrid/sendgrid-php",
            "version": "dev-master",
            "source-reference": "d292263c7df2f6a762b50d7b9ade4e2070f92fae",
            "commit-date": "1348074723"
        },
        {
            "package": "silex/silex",
            "version": "dev-master",
            "alias-pretty-version": "1.0.x-dev",
            "alias-version": "1.0.9999999.9999999-dev"
        },
        {
            "package": "silex/silex",
            "version": "dev-master",
            "source-reference": "fc82b4255ef081dd7d464c5320ca93a902f9190f",
            "commit-date": "1349013590"
        },
        {
            "package": "symfony/event-dispatcher",
            "version": "2.1.x-dev",
            "source-reference": "fb273317c0505ba657aa3d727530d36ae671fb82",
            "commit-date": "1349363877"
        },
        {
            "package": "symfony/http-foundation",
            "version": "2.1.x-dev",
            "source-reference": "5f18e1d5b901b320d05230aa91934e7d81f64bb4",
            "commit-date": "1349553277"
        },
        {
            "package": "symfony/http-kernel",
            "version": "2.1.x-dev",
            "source-reference": "676a7bb2c6c4d5669ca073cceae3ac393748752a",
            "commit-date": "1349553277"
        },
        {
            "package": "symfony/routing",
            "version": "2.1.x-dev",
            "source-reference": "0443e2f9a10f49cac77128eb7f11d055fcf4db9d",
            "commit-date": "1349363877"
        },
        {
            "package": "twig/twig",
            "version": "dev-master",
            "alias-pretty-version": "1.10.x-dev",
            "alias-version": "1.10.9999999.9999999-dev"
        },
        {
            "package": "twig/twig",
            "version": "dev-master",
            "source-reference": "347bc81d6ed8e2bb793236aa9917c7e83f81c2b3",
            "commit-date": "1349702400"
        }
    ],
    "packages-dev": null,
    "aliases": [

    ],
    "minimum-stability": "dev",
    "stability-flags": {
        "sendgrid/sendgrid-php": 20
    }
}
