{
    "hash": "2b6353ed6503afc1f0a4f32b9562c7d3",
    "packages": [
        {
            "package": "mheap/silex-memcache",
            "version": "dev-master",
            "source-reference": "30d10e59df04520c09e79694b039d99f984ff334",
            "commit-date": "1347134821"
        },
        {
            "package": "pimple/pimple",
            "version": "dev-master",
            "alias-pretty-version": "1.0.x-dev",
            "alias-version": "1.0.9999999.9999999-dev"
        },
        {
            "package": "pimple/pimple",
            "version": "dev-master",
            "source-reference": "b9f27b8dc18c08f00627dec02359b46a24791dc3",
            "commit-date": "1347278988"
        },
        {
            "package": "sendgrid/sendgrid-php",
            "version": "dev-master",
            "source-reference": "c4835707b25de9ee840d34f23b38f9c2340734cd",
            "commit-date": "1342721675"
        },
        {
            "package": "silex/silex",
            "version": "dev-master",
            "alias-pretty-version": "1.0.x-dev",
            "alias-version": "1.0.9999999.9999999-dev"
        },
        {
            "package": "silex/silex",
            "version": "dev-master",
            "source-reference": "97e418fcb0df2dd570732b208ce03e40e3dd2e0b",
            "commit-date": "1347738639"
        },
        {
            "package": "symfony/event-dispatcher",
            "version": "2.1.x-dev",
            "source-reference": "v2.1.1",
            "commit-date": "1347274422"
        },
        {
            "package": "symfony/http-foundation",
            "version": "2.1.x-dev",
            "source-reference": "v2.1.1",
            "commit-date": "1346761482"
        },
        {
            "package": "symfony/http-kernel",
            "version": "2.1.x-dev",
            "source-reference": "584499e64026f41c4be938ed35d8f0a9a9eebd38",
            "commit-date": "1347354770"
        },
        {
            "package": "symfony/routing",
            "version": "2.1.x-dev",
            "source-reference": "v2.1.1",
            "commit-date": "1347274422"
        },
        {
            "package": "twig/twig",
            "version": "dev-master",
            "alias-pretty-version": "1.10.x-dev",
            "alias-version": "1.10.9999999.9999999-dev"
        },
        {
            "package": "twig/twig",
            "version": "dev-master",
            "source-reference": "c38e06ff4134820f5acca2b5b0a163251b053d89",
            "commit-date": "1347806324"
        }
    ],
    "packages-dev": null,
    "aliases": [

    ],
    "minimum-stability": "dev",
    "stability-flags": {
        "sendgrid/sendgrid-php": 20
    }
}
